
Microsoft Visual Studio Solution File, Format Version 12.00
# Visual Studio Version 17
VisualStudioVersion = 17.3.32922.545
MinimumVisualStudioVersion = 10.0.40219.1
Project("{FAE04EC0-301F-11D3-BF4B-00C04F79EFBC}") = "ASPNET1", "ASPNET1\ASPNET1.csproj", "{1B337EDA-46BB-4813-88C9-0859E4BA7ADE}"
EndProject
Global
	GlobalSection(SolutionConfigurationPlatforms) = preSolution
		Debug|Any CPU = Debug|Any CPU
		Release|Any CPU = Release|Any CPU
	EndGlobalSection
	GlobalSection(ProjectConfigurationPlatforms) = postSolution
		{1B337EDA-46BB-4813-88C9-0859E4BA7ADE}.Debug|Any CPU.ActiveCfg = Debug|Any CPU
		{1B337EDA-46BB-4813-88C9-0859E4BA7ADE}.Debug|Any CPU.Build.0 = Debug|Any CPU
		{1B337EDA-46BB-4813-88C9-0859E4BA7ADE}.Release|Any CPU.ActiveCfg = Release|Any CPU
		{1B337EDA-46BB-4813-88C9-0859E4BA7ADE}.Release|Any CPU.Build.0 = Release|Any CPU
	EndGlobalSection
	GlobalSection(SolutionProperties) = preSolution
		HideSolutionNode = FALSE
	EndGlobalSection
	GlobalSection(ExtensibilityGlobals) = postSolution
		SolutionGuid = {490BC656-B30D-4285-9C78-32BA9F8615EB}
	EndGlobalSection
EndGlobal
